
Microsoft Visual Studio Solution File, Format Version 10.00
# Visual C# Express 2008
Project("{FAE04EC0-301F-11D3-BF4B-00C04F79EFBC}") = "MotionTracker", "MotionTracker\MotionTracker.csproj", "{20B430AA-1368-4FA9-B5DC-84269B6618DC}"
EndProject
Global
	GlobalSection(SolutionConfigurationPlatforms) = preSolution
		Debug|Any CPU = Debug|Any CPU
		Release|Any CPU = Release|Any CPU
	EndGlobalSection
	GlobalSection(ProjectConfigurationPlatforms) = postSolution
		{20B430AA-1368-4FA9-B5DC-84269B6618DC}.Debug|Any CPU.ActiveCfg = Debug|Any CPU
		{20B430AA-1368-4FA9-B5DC-84269B6618DC}.Debug|Any CPU.Build.0 = Debug|Any CPU
		{20B430AA-1368-4FA9-B5DC-84269B6618DC}.Release|Any CPU.ActiveCfg = Release|Any CPU
		{20B430AA-1368-4FA9-B5DC-84269B6618DC}.Release|Any CPU.Build.0 = Release|Any CPU
	EndGlobalSection
	GlobalSection(SolutionProperties) = preSolution
		HideSolutionNode = FALSE
	EndGlobalSection
EndGlobal
